
Microsoft Visual Studio Solution File, Format Version 12.00
# Visual Studio 15
VisualStudioVersion = 15.0.28010.2019
MinimumVisualStudioVersion = 10.0.40219.1
Project("{FAE04EC0-301F-11D3-BF4B-00C04F79EFBC}") = "LeProjetBraux", "LeProjetBraux\LeProjetBraux.csproj", "{F73198DD-0BDC-41CE-8170-7CE04F3B372E}"
EndProject
Global
	GlobalSection(SolutionConfigurationPlatforms) = preSolution
		Debug|Any CPU = Debug|Any CPU
		Release|Any CPU = Release|Any CPU
	EndGlobalSection
	GlobalSection(ProjectConfigurationPlatforms) = postSolution
		{F73198DD-0BDC-41CE-8170-7CE04F3B372E}.Debug|Any CPU.ActiveCfg = Debug|Any CPU
		{F73198DD-0BDC-41CE-8170-7CE04F3B372E}.Debug|Any CPU.Build.0 = Debug|Any CPU
		{F73198DD-0BDC-41CE-8170-7CE04F3B372E}.Release|Any CPU.ActiveCfg = Release|Any CPU
		{F73198DD-0BDC-41CE-8170-7CE04F3B372E}.Release|Any CPU.Build.0 = Release|Any CPU
	EndGlobalSection
	GlobalSection(SolutionProperties) = preSolution
		HideSolutionNode = FALSE
	EndGlobalSection
	GlobalSection(ExtensibilityGlobals) = postSolution
		SolutionGuid = {DE30E382-8DA4-4A0F-B843-1FA9E5B7A0ED}
	EndGlobalSection
EndGlobal
